<?xml version="1.0" encoding="utf-8"?>
<Project ToolsVersion="17.0" xmlns="http://schemas.microsoft.com/developer/msbuild/2003">
  <ItemGroup>
    <CustomBuild Include="D:\simple-blur\builds\CMakeFiles\6a6043efc01715e4d11ba171d24d7d45\INSTALL_force.rule">
      <Filter>CMake Rules</Filter>
    </CustomBuild>
  </ItemGroup>
  <ItemGroup>
    <Filter Include="CMake Rules">
      <UniqueIdentifier>{526BAF66-6293-3E62-99B0-C40EFBF80FFE}</UniqueIdentifier>
    </Filter>
  </ItemGroup>
</Project>
